
Microsoft Visual Studio Solution File, Format Version 12.00
# Visual Studio Version 16
VisualStudioVersion = 16.0.31702.278
MinimumVisualStudioVersion = 10.0.40219.1
Project("{2150E333-8FDC-42A3-9474-1A3956D46DE8}") = "Solution Items", "Solution Items", "{D24A4B6D-75E6-4B79-8188-1D54624E742A}"
	ProjectSection(SolutionItems) = preProject
		.dockerignore = .dockerignore
		src\daemon_containos\daemon_containos.csproj = src\daemon_containos\daemon_containos.csproj
		docker-compose-web.yaml = docker-compose-web.yaml
		docker-compose.yaml = docker-compose.yaml
		dockerfile = dockerfile
		dockerfile-web = dockerfile-web
	EndProjectSection
EndProject
Project("{9A19103F-16F7-4668-BE54-9A1E7A4F7556}") = "web_containos", "src\web_containos\web_containos.csproj", "{38DC668E-1212-43BE-A246-2E330F112E25}"
EndProject
Project("{2150E333-8FDC-42A3-9474-1A3956D46DE8}") = "kubernetes", "kubernetes", "{E8ADAB76-16D3-4CA0-849D-568A419F83A1}"
	ProjectSection(SolutionItems) = preProject
		kubernetes\deployment.yaml = kubernetes\deployment.yaml
		kubernetes\service.yaml = kubernetes\service.yaml
	EndProjectSection
EndProject
Project("{9A19103F-16F7-4668-BE54-9A1E7A4F7556}") = "daemon_containos", "src\daemon_containos\daemon_containos.csproj", "{314A1BFB-F998-4049-8F9F-9EE0A127061D}"
EndProject
Global
	GlobalSection(SolutionConfigurationPlatforms) = preSolution
		Debug|Any CPU = Debug|Any CPU
		Release|Any CPU = Release|Any CPU
	EndGlobalSection
	GlobalSection(ProjectConfigurationPlatforms) = postSolution
		{38DC668E-1212-43BE-A246-2E330F112E25}.Debug|Any CPU.ActiveCfg = Debug|Any CPU
		{38DC668E-1212-43BE-A246-2E330F112E25}.Debug|Any CPU.Build.0 = Debug|Any CPU
		{38DC668E-1212-43BE-A246-2E330F112E25}.Release|Any CPU.ActiveCfg = Release|Any CPU
		{38DC668E-1212-43BE-A246-2E330F112E25}.Release|Any CPU.Build.0 = Release|Any CPU
		{314A1BFB-F998-4049-8F9F-9EE0A127061D}.Debug|Any CPU.ActiveCfg = Debug|Any CPU
		{314A1BFB-F998-4049-8F9F-9EE0A127061D}.Debug|Any CPU.Build.0 = Debug|Any CPU
		{314A1BFB-F998-4049-8F9F-9EE0A127061D}.Release|Any CPU.ActiveCfg = Release|Any CPU
		{314A1BFB-F998-4049-8F9F-9EE0A127061D}.Release|Any CPU.Build.0 = Release|Any CPU
	EndGlobalSection
	GlobalSection(SolutionProperties) = preSolution
		HideSolutionNode = FALSE
	EndGlobalSection
	GlobalSection(NestedProjects) = preSolution
		{E8ADAB76-16D3-4CA0-849D-568A419F83A1} = {D24A4B6D-75E6-4B79-8188-1D54624E742A}
	EndGlobalSection
	GlobalSection(ExtensibilityGlobals) = postSolution
		SolutionGuid = {1F0CBC41-2B4D-4835-8B53-F40DA79DDB39}
	EndGlobalSection
EndGlobal
